
Microsoft Visual Studio Solution File, Format Version 12.00
# Visual Studio Version 16
VisualStudioVersion = 16.0.32510.428
MinimumVisualStudioVersion = 10.0.40219.1
Project("{8BC9CEB8-8B4A-11D0-8D11-00A0C91BC942}") = "23_01_12_0018_Estructuras_condicionales_Ejercicio1", "23_01_12_0018_Estructuras_condicionales_Ejercicio1.vcxproj", "{7707E2FB-AF94-4828-9D1F-9B645699BB2B}"
EndProject
Global
	GlobalSection(SolutionConfigurationPlatforms) = preSolution
		Debug|x64 = Debug|x64
		Debug|x86 = Debug|x86
		Release|x64 = Release|x64
		Release|x86 = Release|x86
	EndGlobalSection
	GlobalSection(ProjectConfigurationPlatforms) = postSolution
		{7707E2FB-AF94-4828-9D1F-9B645699BB2B}.Debug|x64.ActiveCfg = Debug|x64
		{7707E2FB-AF94-4828-9D1F-9B645699BB2B}.Debug|x64.Build.0 = Debug|x64
		{7707E2FB-AF94-4828-9D1F-9B645699BB2B}.Debug|x86.ActiveCfg = Debug|Win32
		{7707E2FB-AF94-4828-9D1F-9B645699BB2B}.Debug|x86.Build.0 = Debug|Win32
		{7707E2FB-AF94-4828-9D1F-9B645699BB2B}.Release|x64.ActiveCfg = Release|x64
		{7707E2FB-AF94-4828-9D1F-9B645699BB2B}.Release|x64.Build.0 = Release|x64
		{7707E2FB-AF94-4828-9D1F-9B645699BB2B}.Release|x86.ActiveCfg = Release|Win32
		{7707E2FB-AF94-4828-9D1F-9B645699BB2B}.Release|x86.Build.0 = Release|Win32
	EndGlobalSection
	GlobalSection(SolutionProperties) = preSolution
		HideSolutionNode = FALSE
	EndGlobalSection
	GlobalSection(ExtensibilityGlobals) = postSolution
		SolutionGuid = {4DBD976A-A064-4546-AF4D-DFB7489290FA}
	EndGlobalSection
EndGlobal
