
Microsoft Visual Studio Solution File, Format Version 12.00
# Visual Studio Version 16
VisualStudioVersion = 16.0.32510.428
MinimumVisualStudioVersion = 10.0.40219.1
Project("{8BC9CEB8-8B4A-11D0-8D11-00A0C91BC942}") = "011_01_10_ Expresiones_Ej6", "011_01_10_ Expresiones_Ej6.vcxproj", "{B1CCA6B1-70EB-4204-B08C-754E3842579C}"
EndProject
Global
	GlobalSection(SolutionConfigurationPlatforms) = preSolution
		Debug|x64 = Debug|x64
		Debug|x86 = Debug|x86
		Release|x64 = Release|x64
		Release|x86 = Release|x86
	EndGlobalSection
	GlobalSection(ProjectConfigurationPlatforms) = postSolution
		{B1CCA6B1-70EB-4204-B08C-754E3842579C}.Debug|x64.ActiveCfg = Debug|x64
		{B1CCA6B1-70EB-4204-B08C-754E3842579C}.Debug|x64.Build.0 = Debug|x64
		{B1CCA6B1-70EB-4204-B08C-754E3842579C}.Debug|x86.ActiveCfg = Debug|Win32
		{B1CCA6B1-70EB-4204-B08C-754E3842579C}.Debug|x86.Build.0 = Debug|Win32
		{B1CCA6B1-70EB-4204-B08C-754E3842579C}.Release|x64.ActiveCfg = Release|x64
		{B1CCA6B1-70EB-4204-B08C-754E3842579C}.Release|x64.Build.0 = Release|x64
		{B1CCA6B1-70EB-4204-B08C-754E3842579C}.Release|x86.ActiveCfg = Release|Win32
		{B1CCA6B1-70EB-4204-B08C-754E3842579C}.Release|x86.Build.0 = Release|Win32
	EndGlobalSection
	GlobalSection(SolutionProperties) = preSolution
		HideSolutionNode = FALSE
	EndGlobalSection
	GlobalSection(ExtensibilityGlobals) = postSolution
		SolutionGuid = {BBC3E3C4-B6BC-4D51-A64E-702B8BD47C5E}
	EndGlobalSection
EndGlobal
