
Microsoft Visual Studio Solution File, Format Version 12.00
# Visual Studio Version 16
VisualStudioVersion = 16.0.32510.428
MinimumVisualStudioVersion = 10.0.40219.1
Project("{8BC9CEB8-8B4A-11D0-8D11-00A0C91BC942}") = "008_01_10_Expresiones 2", "008_01_10_Expresiones 2.vcxproj", "{52C45A0A-B309-479B-9A0E-CB9E13BBC5CC}"
EndProject
Global
	GlobalSection(SolutionConfigurationPlatforms) = preSolution
		Debug|x64 = Debug|x64
		Debug|x86 = Debug|x86
		Release|x64 = Release|x64
		Release|x86 = Release|x86
	EndGlobalSection
	GlobalSection(ProjectConfigurationPlatforms) = postSolution
		{52C45A0A-B309-479B-9A0E-CB9E13BBC5CC}.Debug|x64.ActiveCfg = Debug|x64
		{52C45A0A-B309-479B-9A0E-CB9E13BBC5CC}.Debug|x64.Build.0 = Debug|x64
		{52C45A0A-B309-479B-9A0E-CB9E13BBC5CC}.Debug|x86.ActiveCfg = Debug|Win32
		{52C45A0A-B309-479B-9A0E-CB9E13BBC5CC}.Debug|x86.Build.0 = Debug|Win32
		{52C45A0A-B309-479B-9A0E-CB9E13BBC5CC}.Release|x64.ActiveCfg = Release|x64
		{52C45A0A-B309-479B-9A0E-CB9E13BBC5CC}.Release|x64.Build.0 = Release|x64
		{52C45A0A-B309-479B-9A0E-CB9E13BBC5CC}.Release|x86.ActiveCfg = Release|Win32
		{52C45A0A-B309-479B-9A0E-CB9E13BBC5CC}.Release|x86.Build.0 = Release|Win32
	EndGlobalSection
	GlobalSection(SolutionProperties) = preSolution
		HideSolutionNode = FALSE
	EndGlobalSection
	GlobalSection(ExtensibilityGlobals) = postSolution
		SolutionGuid = {E06D2385-2F68-44C9-9150-3D4C6132EA79}
	EndGlobalSection
EndGlobal
